hash: 7c31711e962f8f6ee1c365ebb4462b38410ab6ee4521d1a9a9927931a9cda912
updated: 2017-01-07T20:03:26.5181075+01:00
imports:
- name: github.com/asaskevich/govalidator
  version: 7b3beb6df3c42abd3509abfc3bcacc0fbfb7c877
- name: github.com/BurntSushi/toml
  version: bbd5bb678321a0d6e58f1099321dfa73391c1b6f
- name: github.com/dchest/uniuri
  version: 8902c56451e9b58ff940bbe5fec35d5f9c04584a
- name: github.com/dgrijalva/jwt-go
  version: d2709f9f1f31ebcda9651b03077758c1f3a0018c
- name: github.com/go-sql-driver/mysql
  version: 2e00b5cd70399450106cec6431c2e2ce3cae5034
- name: github.com/jinzhu/gorm
  version: 5174cc5c242a728b435ea2be8a2f7f998e15429b
  subpackages:
  - dialects/mysql
- name: github.com/jinzhu/inflection
  version: 1c35d901db3da928c72a72d8458480cc9ade058f
- name: github.com/julienschmidt/httprouter
  version: 8c199fb6259ffc1af525cc3ad52ee60ba8359669
- name: github.com/kataras/go-errors
  version: d2aaffdebcb40c69c4cb6a95e436430cde192435
- name: github.com/op/go-logging
  version: b2cb9fa56473e98db8caba80237377e83fe44db5
- name: github.com/patrickmn/go-cache
  version: 1881a9bccb818787f68c52bfba648c6cf34c34fa
- name: github.com/raggaer/otmap
  version: 6d21449880749e1ba9465fd3e5a5a99f6085146b
- name: github.com/urfave/negroni
  version: fde5e16d32adc7ad637e9cd9ad21d4ebc6192535
- name: github.com/yuin/gopher-lua
  version: 33ebc07735566cd0c3c4b69e2839d522cc389852
  subpackages:
  - ast
  - parse
  - pm
- name: golang.org/x/net
  version: b7883d29650d340156352196ef5e434db117757b
  subpackages:
  - context
- name: gopkg.in/square/go-jose.v1
  version: 296c7f1463ec9b712176dc804dea0173d06dc728
  subpackages:
  - json
testImports: []
