# This file is autogenerated, do not edit; changes may be undone by the next 'dep ensure'.


[[projects]]
  digest = "1:289dd4d7abfb3ad2b5f728fbe9b1d5c1bf7d265a3eb9ef92869af1f7baba4c7a"
  name = "github.com/BurntSushi/toml"
  packages = ["."]
  pruneopts = ""
  revision = "b26d9c308763d68093482582cea63d69be07a0f0"
  version = "v0.3.0"

[[projects]]
  digest = "1:42a42c4bc67bed17f40fddf0f24d4403e25e7b96488456cf4248e6d16659d370"
  name = "github.com/Sirupsen/logrus"
  packages = ["."]
  pruneopts = ""
  revision = "d682213848ed68c0a260ca37d6dd5ace8423f5ba"
  version = "v1.0.4"

[[projects]]
  digest = "1:82762a3838601c436dfcbd31b3f5c7592a82c69a2f83305da8bada424137e71a"
  name = "github.com/anthonynsimon/bild"
  packages = [
    "blend",
    "clone",
    "fcolor",
    "math/f64",
    "parallel",
  ]
  pruneopts = ""
  revision = "35fd1904d43f809ded0959922164885e25577aa2"
  version = "v0.10.0"

[[projects]]
  digest = "1:331046c28e2c41deb6c9f9e10a837b47b3fc4895e15827b2792b10a2603a17ce"
  name = "github.com/asaskevich/govalidator"
  packages = ["."]
  pruneopts = ""
  revision = "521b25f4b05fd26bec69d9dedeb8f9c9a83939a8"
  version = "v8"

[[projects]]
  digest = "1:be5339bfaf2bd8387863c2027ee5f67a53a514ca7242e1854df88757bacd38ee"
  name = "github.com/clbanning/mxj"
  packages = ["."]
  pruneopts = ""
  revision = "1cda74d18ebbb04f525b355309c16d594e1f8f77"
  version = "v1.6.1"

[[projects]]
  digest = "1:56c130d885a4aacae1dd9c7b71cfe39912c7ebc1ff7d2b46083c8812996dc43b"
  name = "github.com/davecgh/go-spew"
  packages = ["spew"]
  pruneopts = ""
  revision = "346938d642f2ec3594ed81d874461961cd0faa76"
  version = "v1.1.0"

[[projects]]
  branch = "master"
  digest = "1:899ab67e7a794d8c454b4e6088c7cb85e6b7b4ec9cf5c94d6c742eb8b2e7da26"
  name = "github.com/dchest/uniuri"
  packages = ["."]
  pruneopts = ""
  revision = "8902c56451e9b58ff940bbe5fec35d5f9c04584a"

[[projects]]
  branch = "master"
  digest = "1:758db3c29b73c3dc466b8e562e4dcc3af0f06ccd1e5d3fa95b177c0439edff61"
  name = "github.com/dgryski/dgoogauth"
  packages = ["."]
  pruneopts = ""
  revision = "fd153d5969d30bd701e10f3530228f001213047c"

[[projects]]
  digest = "1:24f8932912fd9331367d38715bb74be889dc2f94d401109c3aa3db8b3aa246c5"
  name = "github.com/go-sql-driver/mysql"
  packages = ["."]
  pruneopts = ""
  revision = "a0583e0143b1624142adab07e0e97fe106d99561"
  version = "v1.3"

[[projects]]
  branch = "master"
  digest = "1:05f7dd1dc7530cd6b959f8b49660cd898f8dc9601b4e764ef9bdf211e6318774"
  name = "github.com/golang/freetype"
  packages = [
    ".",
    "raster",
    "truetype",
  ]
  pruneopts = ""
  revision = "e2365dfdc4a05e4b8299a783240d4a7d5a65d4e4"

[[projects]]
  digest = "1:1ff3509899d1357b533eefcc4be703aa4b8b690370de9bce65389aad226acf3c"
  name = "github.com/gorilla/securecookie"
  packages = ["."]
  pruneopts = ""
  revision = "667fe4e3466a040b780561fe9b51a83a3753eefc"
  version = "v1.1"

[[projects]]
  digest = "1:d5c1692d62c22b9ff5248d1c5f3850d06f7bc850f9ae6eec15c6601f774eef4f"
  name = "github.com/jinzhu/gorm"
  packages = ["dialects/mysql"]
  pruneopts = ""
  revision = "5174cc5c242a728b435ea2be8a2f7f998e15429b"
  version = "v1.0"

[[projects]]
  branch = "master"
  digest = "1:7d015a2a2bca984d1d984a25787caabf3e9072caee39cde5c2d82ffb24861a83"
  name = "github.com/jmoiron/sqlx"
  packages = [
    ".",
    "reflectx",
  ]
  pruneopts = ""
  revision = "05cef0741ade10ca668982355b3f3f0bcf0ff0a8"

[[projects]]
  digest = "1:3c818dada3e41bdb0f509f78e6775610f1bb179449ec8c4c86a45fae35460f3f"
  name = "github.com/julienschmidt/httprouter"
  packages = ["."]
  pruneopts = ""
  revision = "8c199fb6259ffc1af525cc3ad52ee60ba8359669"
  version = "v1.1"

[[projects]]
  branch = "master"
  digest = "1:2c5ad58492804c40bdaf5d92039b0cde8b5becd2b7feeb37d7d1cc36a8aa8dbe"
  name = "github.com/kardianos/osext"
  packages = ["."]
  pruneopts = ""
  revision = "ae77be60afb1dcacde03767a8c37337fad28ac14"

[[projects]]
  digest = "1:0ac894bcc36ffd671df6de4e62db67259df6c9a7d7ec32ed7309f892596b43ad"
  name = "github.com/kataras/go-errors"
  packages = ["."]
  pruneopts = ""
  revision = "d2aaffdebcb40c69c4cb6a95e436430cde192435"
  version = "v0.0.3"

[[projects]]
  branch = "master"
  digest = "1:04d51db1d12a604203af8469c6d2f6d7473a78b88cf2cf37bd2cd3dcf74d03bd"
  name = "github.com/lucasb-eyer/go-colorful"
  packages = ["."]
  pruneopts = ""
  revision = "231272389856c976b7500c4fffcc52ddf06ff4eb"

[[projects]]
  branch = "master"
  digest = "1:74688aecdaaede7d4ea1ead4569dc5f9f8b169b3b9698470f8d107f347a7a2cd"
  name = "github.com/nfnt/resize"
  packages = ["."]
  pruneopts = ""
  revision = "891127d8d1b52734debe1b3c3d7e747502b6c366"

[[projects]]
  digest = "1:4c0404dc03d974acd5fcd8b8d3ce687b13bd169db032b89275e8b9d77b98ce8c"
  name = "github.com/patrickmn/go-cache"
  packages = ["."]
  pruneopts = ""
  revision = "a3647f8e31d79543b2d0f0ae2fe5c379d72cedc0"
  version = "v2.1.0"

[[projects]]
  digest = "1:7365acd48986e205ccb8652cc746f09c8b7876030d53710ea6ef7d0bd0dcd7ca"
  name = "github.com/pkg/errors"
  packages = ["."]
  pruneopts = ""
  revision = "645ef00459ed84a119197bfb8d8205042c6df63d"
  version = "v0.8.0"

[[projects]]
  digest = "1:256484dbbcd271f9ecebc6795b2df8cad4c458dd0f5fd82a8c2fa0c29f233411"
  name = "github.com/pmezard/go-difflib"
  packages = ["difflib"]
  pruneopts = ""
  revision = "792786c7400a136282c1664665ae0a8db921c6c2"
  version = "v1.0.0"

[[projects]]
  branch = "master"
  digest = "1:4f268beb3abb0417f94afe2823142729681e83303195f0ba5b5f82ea3d6d5d2e"
  name = "github.com/raggaer/goimage"
  packages = ["."]
  pruneopts = ""
  revision = "1230da9cbcec1b8762a2d01534d465d8deab4bd5"

[[projects]]
  branch = "master"
  digest = "1:418ca46141ed30512a8456babad410398405cb79b29fe8eb90985bfc79551f88"
  name = "github.com/raggaer/gopaypal"
  packages = ["."]
  pruneopts = ""
  revision = "35c6d0cb52d5747f9d03e4c976943489562450c6"

[[projects]]
  branch = "master"
  digest = "1:0fbc5cd39976b335e8780093c38292192270071b4f566445bfbe125cb0e15ebb"
  name = "github.com/raggaer/otmap"
  packages = ["."]
  pruneopts = ""
  revision = "106b5485ec0f80a9dd984a33e39f484f421d89d1"

[[projects]]
  branch = "master"
  digest = "1:5a8a35c2323f64306651615b855edc31c05c99be7e5d6fb4f3716581ba4e0adf"
  name = "github.com/skip2/go-qrcode"
  packages = [
    ".",
    "bitset",
    "reedsolomon",
  ]
  pruneopts = ""
  revision = "cf5f9fa2f0d847edb8e038db7ed975e239095e1a"

[[projects]]
  digest = "1:2d0dc026c4aef5e2f3a0e06a4dabe268b840d8f63190cf6894e02134a03f52c5"
  name = "github.com/stretchr/testify"
  packages = [
    "assert",
    "require",
  ]
  pruneopts = ""
  revision = "b91bfb9ebec76498946beb6af7c0230c7cc7ba6c"
  version = "v1.2.0"

[[projects]]
  digest = "1:4e065a1e2b1e517d6e5073ff05ba5aadbfad782ade9a8f006bf0abdfd29c77e2"
  name = "github.com/ulule/limiter"
  packages = [
    ".",
    "drivers/store/common",
    "drivers/store/memory",
  ]
  pruneopts = ""
  revision = "0d25c13867d07314999d01525f9d69d40c6bf235"
  version = "v2.1.0"

[[projects]]
  digest = "1:b9e40449c82e4d149a786f2e4b1f687215d61dd38eddc382a4f7f21f8408a658"
  name = "github.com/urfave/negroni"
  packages = ["."]
  pruneopts = ""
  revision = "5dbbc83f748fc3ad38585842b0aedab546d0ea1e"
  version = "v0.3.0"

[[projects]]
  branch = "master"
  digest = "1:18d82d5070c23e604a017ff951fb23f971f5495af3f02932c0b622f2a8746042"
  name = "github.com/yuin/gopher-lua"
  packages = [
    ".",
    "ast",
    "parse",
    "pm",
  ]
  pruneopts = ""
  revision = "a0dfe84f6227cda1c5f975bf3e35d55ae0d3df61"

[[projects]]
  branch = "master"
  digest = "1:495cfa598aaedd9f2fd07fcd1f985166be14a65abc7b14eeb3ba583b7df5fb15"
  name = "golang.org/x/crypto"
  packages = [
    "acme",
    "acme/autocert",
    "ssh/terminal",
  ]
  pruneopts = ""
  revision = "0efb9460aaf800c6376acf625be2853bceac2e06"

[[projects]]
  branch = "master"
  digest = "1:63e2aefa4dd95bc27aeefe96f8ec1dc59504e1599a7eae7f0793b597d8d82dc3"
  name = "golang.org/x/image"
  packages = [
    "draw",
    "font",
    "font/gofont/goregular",
    "math/f64",
    "math/fixed",
  ]
  pruneopts = ""
  revision = "12117c17ca67ffa1ce22e9409f3b0b0a93ac08c7"

[[projects]]
  branch = "master"
  digest = "1:57cdbf612d6928a01850051b5c09972262244ae131a40dfea4c37fd525742db5"
  name = "golang.org/x/net"
  packages = [
    "context",
    "html",
    "html/atom",
    "html/charset",
  ]
  pruneopts = ""
  revision = "0ed95abb35c445290478a5348a7b38bb154135fd"

[[projects]]
  branch = "master"
  digest = "1:111f5813f1a09ee96aa60ab6b6f7ba7135896e7a7d302e30c24eddb2a1a2286f"
  name = "golang.org/x/sys"
  packages = [
    "unix",
    "windows",
  ]
  pruneopts = ""
  revision = "03467258950d845cd1877eab69461b98e8c09219"

[[projects]]
  digest = "1:5acd3512b047305d49e8763eef7ba423901e85d5dd2fd1e71778a0ea8de10bd4"
  name = "golang.org/x/text"
  packages = [
    "encoding",
    "encoding/charmap",
    "encoding/htmlindex",
    "encoding/internal",
    "encoding/internal/identifier",
    "encoding/japanese",
    "encoding/korean",
    "encoding/simplifiedchinese",
    "encoding/traditionalchinese",
    "encoding/unicode",
    "internal/gen",
    "internal/tag",
    "internal/utf8internal",
    "language",
    "runes",
    "transform",
    "unicode/cldr",
  ]
  pruneopts = ""
  revision = "f21a4dfb5e38f5895301dc265a8def02365cc3d0"
  version = "v0.3.0"

[[projects]]
  branch = "v3"
  digest = "1:fa33d1dde8ce5b0b37c38c767c250a7684ecd385f9dbabe594ea8543e4d55807"
  name = "gopkg.in/alexcesaro/quotedprintable.v3"
  packages = ["."]
  pruneopts = ""
  revision = "2caba252f4dc53eaf6b553000885530023f54623"

[[projects]]
  digest = "1:cba75ccf02d7b1d508f860e1f579a986e6b94ccc26841d6dd67d18cd1196e132"
  name = "gopkg.in/gomail.v2"
  packages = ["."]
  pruneopts = ""
  revision = "41f3572897373c5538c50a2402db15db079fa4fd"
  version = "2.0.0"

[[projects]]
  digest = "1:da8c372ba0fbb40575fb626e4c94d5266915a3fa3cfee6670b3bc56fc0335209"
  name = "gopkg.in/square/go-jose.v1"
  packages = ["json"]
  pruneopts = ""
  revision = "aa2e30fdd1fe9dd3394119af66451ae790d50e0d"
  version = "v1.1.0"

[solve-meta]
  analyzer-name = "dep"
  analyzer-version = 1
  input-imports = [
    "github.com/BurntSushi/toml",
    "github.com/Sirupsen/logrus",
    "github.com/anthonynsimon/bild/blend",
    "github.com/asaskevich/govalidator",
    "github.com/clbanning/mxj",
    "github.com/dchest/uniuri",
    "github.com/dgryski/dgoogauth",
    "github.com/go-sql-driver/mysql",
    "github.com/gorilla/securecookie",
    "github.com/jinzhu/gorm/dialects/mysql",
    "github.com/jmoiron/sqlx",
    "github.com/julienschmidt/httprouter",
    "github.com/kardianos/osext",
    "github.com/kataras/go-errors",
    "github.com/lucasb-eyer/go-colorful",
    "github.com/nfnt/resize",
    "github.com/patrickmn/go-cache",
    "github.com/raggaer/goimage",
    "github.com/raggaer/gopaypal",
    "github.com/raggaer/otmap",
    "github.com/skip2/go-qrcode",
    "github.com/ulule/limiter",
    "github.com/ulule/limiter/drivers/store/memory",
    "github.com/urfave/negroni",
    "github.com/yuin/gopher-lua",
    "github.com/yuin/gopher-lua/parse",
    "golang.org/x/crypto/acme/autocert",
    "golang.org/x/net/context",
    "golang.org/x/net/html/charset",
    "gopkg.in/gomail.v2",
    "gopkg.in/square/go-jose.v1/json",
  ]
  solver-name = "gps-cdcl"
  solver-version = 1
